
Microsoft Visual Studio Solution File, Format Version 12.00
# Visual Studio 14
VisualStudioVersion = 14.0.25420.1
MinimumVisualStudioVersion = 10.0.40219.1
Project("{FAE04EC0-301F-11D3-BF4B-00C04F79EFBC}") = "NetDouDiZhu", "NetDouDiZhu\NetDouDiZhu.csproj", "{688BCD53-8E3C-46BF-AF2B-C6D45E68245A}"
EndProject
Global
	GlobalSection(SolutionConfigurationPlatforms) = preSolution
		Debug|Any CPU = Debug|Any CPU
		Release|Any CPU = Release|Any CPU
	EndGlobalSection
	GlobalSection(ProjectConfigurationPlatforms) = postSolution
		{688BCD53-8E3C-46BF-AF2B-C6D45E68245A}.Debug|Any CPU.ActiveCfg = Debug|Any CPU
		{688BCD53-8E3C-46BF-AF2B-C6D45E68245A}.Debug|Any CPU.Build.0 = Debug|Any CPU
		{688BCD53-8E3C-46BF-AF2B-C6D45E68245A}.Release|Any CPU.ActiveCfg = Release|Any CPU
		{688BCD53-8E3C-46BF-AF2B-C6D45E68245A}.Release|Any CPU.Build.0 = Release|Any CPU
	EndGlobalSection
	GlobalSection(SolutionProperties) = preSolution
		HideSolutionNode = FALSE
	EndGlobalSection
EndGlobal
