
Microsoft Visual Studio Solution File, Format Version 12.00
# Visual Studio 15
VisualStudioVersion = 15.0.27130.2024
MinimumVisualStudioVersion = 10.0.40219.1
Project("{FAE04EC0-301F-11D3-BF4B-00C04F79EFBC}") = "AhpilyServer", "AhpilyServer\AhpilyServer.csproj", "{EDF989F0-3C0E-46AA-A33D-F86C45B5029C}"
EndProject
Project("{FAE04EC0-301F-11D3-BF4B-00C04F79EFBC}") = "GameServer", "GameServer\GameServer.csproj", "{8729B8EA-419A-4E36-85AE-5C982F166EBD}"
EndProject
Global
	GlobalSection(SolutionConfigurationPlatforms) = preSolution
		Debug|Any CPU = Debug|Any CPU
		Release|Any CPU = Release|Any CPU
	EndGlobalSection
	GlobalSection(ProjectConfigurationPlatforms) = postSolution
		{EDF989F0-3C0E-46AA-A33D-F86C45B5029C}.Debug|Any CPU.ActiveCfg = Debug|Any CPU
		{EDF989F0-3C0E-46AA-A33D-F86C45B5029C}.Debug|Any CPU.Build.0 = Debug|Any CPU
		{EDF989F0-3C0E-46AA-A33D-F86C45B5029C}.Release|Any CPU.ActiveCfg = Release|Any CPU
		{EDF989F0-3C0E-46AA-A33D-F86C45B5029C}.Release|Any CPU.Build.0 = Release|Any CPU
		{8729B8EA-419A-4E36-85AE-5C982F166EBD}.Debug|Any CPU.ActiveCfg = Debug|Any CPU
		{8729B8EA-419A-4E36-85AE-5C982F166EBD}.Debug|Any CPU.Build.0 = Debug|Any CPU
		{8729B8EA-419A-4E36-85AE-5C982F166EBD}.Release|Any CPU.ActiveCfg = Release|Any CPU
		{8729B8EA-419A-4E36-85AE-5C982F166EBD}.Release|Any CPU.Build.0 = Release|Any CPU
	EndGlobalSection
	GlobalSection(SolutionProperties) = preSolution
		HideSolutionNode = FALSE
	EndGlobalSection
	GlobalSection(ExtensibilityGlobals) = postSolution
		SolutionGuid = {B4CDA1D4-2BC4-4613-9689-77C4FE8ED668}
	EndGlobalSection
EndGlobal
